
Microsoft Visual Studio Solution File, Format Version 12.00
# Visual Studio Version 17
VisualStudioVersion = 17.0.32126.317
MinimumVisualStudioVersion = 10.0.40219.1
Project("{2150E333-8FDC-42A3-9474-1A3956D46DE8}") = "services", "services", "{9BB4484D-3E1A-4CEB-A4C0-45D81BF0695B}"
EndProject
Project("{2150E333-8FDC-42A3-9474-1A3956D46DE8}") = "catalog", "catalog", "{5289F937-F39D-4B42-849C-C6F8EBD9D650}"
EndProject
Project("{9A19103F-16F7-4668-BE54-9A1E7A4F7556}") = "shockz.msa.catalog.api", "services\catalog\shockz.msa.catalog.api\shockz.msa.catalog.api.csproj", "{B2F3CE0E-B0CB-42C9-ACFE-1E9A6DCB49D4}"
EndProject
Project("{E53339B2-1760-4266-BCC7-CA923CBCF16C}") = "docker-compose", "docker-compose.dcproj", "{29D9C151-446B-42CD-AC1E-3ACFE65CC27A}"
EndProject
Project("{2150E333-8FDC-42A3-9474-1A3956D46DE8}") = "basket", "basket", "{E787142D-6C99-4B14-B9A2-D07912FEDA20}"
EndProject
Project("{9A19103F-16F7-4668-BE54-9A1E7A4F7556}") = "shockz.msa.basket.api", "services\basket\shockz.msa.basket.api\shockz.msa.basket.api.csproj", "{45EE0EAE-C122-41DE-8735-0C98144F2490}"
EndProject
Project("{2150E333-8FDC-42A3-9474-1A3956D46DE8}") = "Solution Items", "Solution Items", "{D99F103A-7441-4B74-A8CE-931E15842E17}"
	ProjectSection(SolutionItems) = preProject
		.editorconfig = .editorconfig
	EndProjectSection
EndProject
Project("{2150E333-8FDC-42A3-9474-1A3956D46DE8}") = "discount", "discount", "{3CCFF89C-94DD-4E5E-86BF-0A778C9365B4}"
EndProject
Project("{9A19103F-16F7-4668-BE54-9A1E7A4F7556}") = "shockz.msa.discount.api", "services\discount\shockz.msa.discount.api\shockz.msa.discount.api.csproj", "{1D83E534-4B44-460D-AD72-F5EB3C7A9BDC}"
EndProject
Project("{9A19103F-16F7-4668-BE54-9A1E7A4F7556}") = "shockz.msa.discount.grpc", "services\discount\shockz.msa.discount.grpc\shockz.msa.discount.grpc.csproj", "{9E085237-56BE-4301-999A-E1D1775F060D}"
EndProject
Project("{2150E333-8FDC-42A3-9474-1A3956D46DE8}") = "ordering", "ordering", "{D92548E1-385D-4796-A6E2-1DEEEFBBD967}"
EndProject
Project("{9A19103F-16F7-4668-BE54-9A1E7A4F7556}") = "shockz.msa.ordering.api", "services\ordering\shockz.msa.ordering.api\shockz.msa.ordering.api.csproj", "{58B92215-0311-4973-A404-70F61463C316}"
EndProject
Project("{9A19103F-16F7-4668-BE54-9A1E7A4F7556}") = "shockz.msa.ordering.domain", "services\ordering\shockz.msa.ordering.domain\shockz.msa.ordering.domain.csproj", "{6BAB8999-EFAA-40BC-BAFC-A482D8325A90}"
EndProject
Project("{9A19103F-16F7-4668-BE54-9A1E7A4F7556}") = "shockz.msa.ordering.application", "services\ordering\shockz.msa.ordering.application\shockz.msa.ordering.application.csproj", "{257A8E6F-456B-4C1E-BF21-2B4EB0967E0A}"
EndProject
Project("{9A19103F-16F7-4668-BE54-9A1E7A4F7556}") = "shockz.msa.ordering.infrastructure", "services\ordering\shockz.msa.ordering.infrastructure\shockz.msa.ordering.infrastructure.csproj", "{ACE2E824-FD9E-4B83-9C72-DC87050C065D}"
EndProject
Project("{2150E333-8FDC-42A3-9474-1A3956D46DE8}") = "buildingBlocks", "buildingBlocks", "{4925C668-661F-473A-B90F-B44A872BD9A1}"
EndProject
Project("{9A19103F-16F7-4668-BE54-9A1E7A4F7556}") = "shockz.msa.eventBus.messages", "buildingBlocks\shockz.msa.eventBus.messages\shockz.msa.eventBus.messages.csproj", "{F1E8C8F7-AAD5-4CF3-A57D-3005B4C2AF3D}"
EndProject
Project("{2150E333-8FDC-42A3-9474-1A3956D46DE8}") = "apiGateways", "apiGateways", "{A644F62E-6C9D-470C-84D1-C4B9F729F731}"
EndProject
Project("{9A19103F-16F7-4668-BE54-9A1E7A4F7556}") = "shockz.msa.ocelotApiGw", "apiGateways\shockz.msa.ocelotApiGw\shockz.msa.ocelotApiGw.csproj", "{BFE863C9-105A-482F-A8BB-5EA6D59C4A2E}"
EndProject
Project("{9A19103F-16F7-4668-BE54-9A1E7A4F7556}") = "shockz.msa.shopping.Aggregator", "apiGateways\shockz.msa.shopping.Aggregator\shockz.msa.shopping.Aggregator.csproj", "{311A46E5-F658-49C1-B5C6-A38217987E26}"
EndProject
Project("{2150E333-8FDC-42A3-9474-1A3956D46DE8}") = "webApps", "webApps", "{AAFFA8D4-B014-4AB8-BF91-B14B4BF35C23}"
EndProject
Project("{9A19103F-16F7-4668-BE54-9A1E7A4F7556}") = "AspnetRunBasics", "webApps\AspnetRunBasics\AspnetRunBasics.csproj", "{07B59655-89DF-4948-8B99-5B6BB2D90E5F}"
EndProject
Project("{9A19103F-16F7-4668-BE54-9A1E7A4F7556}") = "shockz.msa.commonLogging", "buildingBlocks\shockz.msa.commonLogging\shockz.msa.commonLogging.csproj", "{E620C830-4F80-4F54-90F6-C93E5DDB56E1}"
EndProject
Project("{9A19103F-16F7-4668-BE54-9A1E7A4F7556}") = "WebStatus", "webApps\WebStatus\WebStatus.csproj", "{9A6111EC-3635-45A9-9D5D-85FDEBCC77D6}"
EndProject
Project("{9A19103F-16F7-4668-BE54-9A1E7A4F7556}") = "shockz.msa.pollyPolicy", "buildingBlocks\shockz.msa.pollyPolicy\shockz.msa.pollyPolicy.csproj", "{E0C872E8-439E-4500-9BF6-BFBE5F54A390}"
EndProject
Project("{FAE04EC0-301F-11D3-BF4B-00C04F79EFBC}") = "shockz.msa.extensions", "buildingBlocks\shockz.msa.extensions\shockz.msa.extensions.csproj", "{16B93B9C-A9A9-4187-BCB0-D8BAADABE3BD}"
EndProject
Project("{2150E333-8FDC-42A3-9474-1A3956D46DE8}") = "fileManagement", "fileManagement", "{BD6F7DF2-6FFF-4F14-854A-954EB791C7C3}"
EndProject
Project("{FAE04EC0-301F-11D3-BF4B-00C04F79EFBC}") = "shockz.msa.fileManagement", "services\fileManagement\shockz.msa.fileManagement\shockz.msa.fileManagement.csproj", "{B2FC7AF8-67A8-48B3-8DB6-16588601C596}"
EndProject
Global
	GlobalSection(SolutionConfigurationPlatforms) = preSolution
		Debug|Any CPU = Debug|Any CPU
		Release|Any CPU = Release|Any CPU
	EndGlobalSection
	GlobalSection(ProjectConfigurationPlatforms) = postSolution
		{B2F3CE0E-B0CB-42C9-ACFE-1E9A6DCB49D4}.Debug|Any CPU.ActiveCfg = Debug|Any CPU
		{B2F3CE0E-B0CB-42C9-ACFE-1E9A6DCB49D4}.Debug|Any CPU.Build.0 = Debug|Any CPU
		{B2F3CE0E-B0CB-42C9-ACFE-1E9A6DCB49D4}.Release|Any CPU.ActiveCfg = Release|Any CPU
		{B2F3CE0E-B0CB-42C9-ACFE-1E9A6DCB49D4}.Release|Any CPU.Build.0 = Release|Any CPU
		{29D9C151-446B-42CD-AC1E-3ACFE65CC27A}.Debug|Any CPU.ActiveCfg = Debug|Any CPU
		{29D9C151-446B-42CD-AC1E-3ACFE65CC27A}.Debug|Any CPU.Build.0 = Debug|Any CPU
		{29D9C151-446B-42CD-AC1E-3ACFE65CC27A}.Release|Any CPU.ActiveCfg = Release|Any CPU
		{29D9C151-446B-42CD-AC1E-3ACFE65CC27A}.Release|Any CPU.Build.0 = Release|Any CPU
		{45EE0EAE-C122-41DE-8735-0C98144F2490}.Debug|Any CPU.ActiveCfg = Debug|Any CPU
		{45EE0EAE-C122-41DE-8735-0C98144F2490}.Debug|Any CPU.Build.0 = Debug|Any CPU
		{45EE0EAE-C122-41DE-8735-0C98144F2490}.Release|Any CPU.ActiveCfg = Release|Any CPU
		{45EE0EAE-C122-41DE-8735-0C98144F2490}.Release|Any CPU.Build.0 = Release|Any CPU
		{1D83E534-4B44-460D-AD72-F5EB3C7A9BDC}.Debug|Any CPU.ActiveCfg = Debug|Any CPU
		{1D83E534-4B44-460D-AD72-F5EB3C7A9BDC}.Debug|Any CPU.Build.0 = Debug|Any CPU
		{1D83E534-4B44-460D-AD72-F5EB3C7A9BDC}.Release|Any CPU.ActiveCfg = Release|Any CPU
		{1D83E534-4B44-460D-AD72-F5EB3C7A9BDC}.Release|Any CPU.Build.0 = Release|Any CPU
		{9E085237-56BE-4301-999A-E1D1775F060D}.Debug|Any CPU.ActiveCfg = Debug|Any CPU
		{9E085237-56BE-4301-999A-E1D1775F060D}.Debug|Any CPU.Build.0 = Debug|Any CPU
		{9E085237-56BE-4301-999A-E1D1775F060D}.Release|Any CPU.ActiveCfg = Release|Any CPU
		{9E085237-56BE-4301-999A-E1D1775F060D}.Release|Any CPU.Build.0 = Release|Any CPU
		{58B92215-0311-4973-A404-70F61463C316}.Debug|Any CPU.ActiveCfg = Debug|Any CPU
		{58B92215-0311-4973-A404-70F61463C316}.Debug|Any CPU.Build.0 = Debug|Any CPU
		{58B92215-0311-4973-A404-70F61463C316}.Release|Any CPU.ActiveCfg = Release|Any CPU
		{58B92215-0311-4973-A404-70F61463C316}.Release|Any CPU.Build.0 = Release|Any CPU
		{6BAB8999-EFAA-40BC-BAFC-A482D8325A90}.Debug|Any CPU.ActiveCfg = Debug|Any CPU
		{6BAB8999-EFAA-40BC-BAFC-A482D8325A90}.Debug|Any CPU.Build.0 = Debug|Any CPU
		{6BAB8999-EFAA-40BC-BAFC-A482D8325A90}.Release|Any CPU.ActiveCfg = Release|Any CPU
		{6BAB8999-EFAA-40BC-BAFC-A482D8325A90}.Release|Any CPU.Build.0 = Release|Any CPU
		{257A8E6F-456B-4C1E-BF21-2B4EB0967E0A}.Debug|Any CPU.ActiveCfg = Debug|Any CPU
		{257A8E6F-456B-4C1E-BF21-2B4EB0967E0A}.Debug|Any CPU.Build.0 = Debug|Any CPU
		{257A8E6F-456B-4C1E-BF21-2B4EB0967E0A}.Release|Any CPU.ActiveCfg = Release|Any CPU
		{257A8E6F-456B-4C1E-BF21-2B4EB0967E0A}.Release|Any CPU.Build.0 = Release|Any CPU
		{ACE2E824-FD9E-4B83-9C72-DC87050C065D}.Debug|Any CPU.ActiveCfg = Debug|Any CPU
		{ACE2E824-FD9E-4B83-9C72-DC87050C065D}.Debug|Any CPU.Build.0 = Debug|Any CPU
		{ACE2E824-FD9E-4B83-9C72-DC87050C065D}.Release|Any CPU.ActiveCfg = Release|Any CPU
		{ACE2E824-FD9E-4B83-9C72-DC87050C065D}.Release|Any CPU.Build.0 = Release|Any CPU
		{F1E8C8F7-AAD5-4CF3-A57D-3005B4C2AF3D}.Debug|Any CPU.ActiveCfg = Debug|Any CPU
		{F1E8C8F7-AAD5-4CF3-A57D-3005B4C2AF3D}.Debug|Any CPU.Build.0 = Debug|Any CPU
		{F1E8C8F7-AAD5-4CF3-A57D-3005B4C2AF3D}.Release|Any CPU.ActiveCfg = Release|Any CPU
		{F1E8C8F7-AAD5-4CF3-A57D-3005B4C2AF3D}.Release|Any CPU.Build.0 = Release|Any CPU
		{BFE863C9-105A-482F-A8BB-5EA6D59C4A2E}.Debug|Any CPU.ActiveCfg = Debug|Any CPU
		{BFE863C9-105A-482F-A8BB-5EA6D59C4A2E}.Debug|Any CPU.Build.0 = Debug|Any CPU
		{BFE863C9-105A-482F-A8BB-5EA6D59C4A2E}.Release|Any CPU.ActiveCfg = Release|Any CPU
		{BFE863C9-105A-482F-A8BB-5EA6D59C4A2E}.Release|Any CPU.Build.0 = Release|Any CPU
		{311A46E5-F658-49C1-B5C6-A38217987E26}.Debug|Any CPU.ActiveCfg = Debug|Any CPU
		{311A46E5-F658-49C1-B5C6-A38217987E26}.Debug|Any CPU.Build.0 = Debug|Any CPU
		{311A46E5-F658-49C1-B5C6-A38217987E26}.Release|Any CPU.ActiveCfg = Release|Any CPU
		{311A46E5-F658-49C1-B5C6-A38217987E26}.Release|Any CPU.Build.0 = Release|Any CPU
		{07B59655-89DF-4948-8B99-5B6BB2D90E5F}.Debug|Any CPU.ActiveCfg = Debug|Any CPU
		{07B59655-89DF-4948-8B99-5B6BB2D90E5F}.Debug|Any CPU.Build.0 = Debug|Any CPU
		{07B59655-89DF-4948-8B99-5B6BB2D90E5F}.Release|Any CPU.ActiveCfg = Release|Any CPU
		{07B59655-89DF-4948-8B99-5B6BB2D90E5F}.Release|Any CPU.Build.0 = Release|Any CPU
		{E620C830-4F80-4F54-90F6-C93E5DDB56E1}.Debug|Any CPU.ActiveCfg = Debug|Any CPU
		{E620C830-4F80-4F54-90F6-C93E5DDB56E1}.Debug|Any CPU.Build.0 = Debug|Any CPU
		{E620C830-4F80-4F54-90F6-C93E5DDB56E1}.Release|Any CPU.ActiveCfg = Release|Any CPU
		{E620C830-4F80-4F54-90F6-C93E5DDB56E1}.Release|Any CPU.Build.0 = Release|Any CPU
		{9A6111EC-3635-45A9-9D5D-85FDEBCC77D6}.Debug|Any CPU.ActiveCfg = Debug|Any CPU
		{9A6111EC-3635-45A9-9D5D-85FDEBCC77D6}.Debug|Any CPU.Build.0 = Debug|Any CPU
		{9A6111EC-3635-45A9-9D5D-85FDEBCC77D6}.Release|Any CPU.ActiveCfg = Release|Any CPU
		{9A6111EC-3635-45A9-9D5D-85FDEBCC77D6}.Release|Any CPU.Build.0 = Release|Any CPU
		{E0C872E8-439E-4500-9BF6-BFBE5F54A390}.Debug|Any CPU.ActiveCfg = Debug|Any CPU
		{E0C872E8-439E-4500-9BF6-BFBE5F54A390}.Debug|Any CPU.Build.0 = Debug|Any CPU
		{E0C872E8-439E-4500-9BF6-BFBE5F54A390}.Release|Any CPU.ActiveCfg = Release|Any CPU
		{E0C872E8-439E-4500-9BF6-BFBE5F54A390}.Release|Any CPU.Build.0 = Release|Any CPU
		{16B93B9C-A9A9-4187-BCB0-D8BAADABE3BD}.Debug|Any CPU.ActiveCfg = Debug|Any CPU
		{16B93B9C-A9A9-4187-BCB0-D8BAADABE3BD}.Debug|Any CPU.Build.0 = Debug|Any CPU
		{16B93B9C-A9A9-4187-BCB0-D8BAADABE3BD}.Release|Any CPU.ActiveCfg = Release|Any CPU
		{16B93B9C-A9A9-4187-BCB0-D8BAADABE3BD}.Release|Any CPU.Build.0 = Release|Any CPU
		{B2FC7AF8-67A8-48B3-8DB6-16588601C596}.Debug|Any CPU.ActiveCfg = Debug|Any CPU
		{B2FC7AF8-67A8-48B3-8DB6-16588601C596}.Debug|Any CPU.Build.0 = Debug|Any CPU
		{B2FC7AF8-67A8-48B3-8DB6-16588601C596}.Release|Any CPU.ActiveCfg = Release|Any CPU
		{B2FC7AF8-67A8-48B3-8DB6-16588601C596}.Release|Any CPU.Build.0 = Release|Any CPU
	EndGlobalSection
	GlobalSection(SolutionProperties) = preSolution
		HideSolutionNode = FALSE
	EndGlobalSection
	GlobalSection(NestedProjects) = preSolution
		{5289F937-F39D-4B42-849C-C6F8EBD9D650} = {9BB4484D-3E1A-4CEB-A4C0-45D81BF0695B}
		{B2F3CE0E-B0CB-42C9-ACFE-1E9A6DCB49D4} = {5289F937-F39D-4B42-849C-C6F8EBD9D650}
		{E787142D-6C99-4B14-B9A2-D07912FEDA20} = {9BB4484D-3E1A-4CEB-A4C0-45D81BF0695B}
		{45EE0EAE-C122-41DE-8735-0C98144F2490} = {E787142D-6C99-4B14-B9A2-D07912FEDA20}
		{3CCFF89C-94DD-4E5E-86BF-0A778C9365B4} = {9BB4484D-3E1A-4CEB-A4C0-45D81BF0695B}
		{1D83E534-4B44-460D-AD72-F5EB3C7A9BDC} = {3CCFF89C-94DD-4E5E-86BF-0A778C9365B4}
		{9E085237-56BE-4301-999A-E1D1775F060D} = {3CCFF89C-94DD-4E5E-86BF-0A778C9365B4}
		{D92548E1-385D-4796-A6E2-1DEEEFBBD967} = {9BB4484D-3E1A-4CEB-A4C0-45D81BF0695B}
		{58B92215-0311-4973-A404-70F61463C316} = {D92548E1-385D-4796-A6E2-1DEEEFBBD967}
		{6BAB8999-EFAA-40BC-BAFC-A482D8325A90} = {D92548E1-385D-4796-A6E2-1DEEEFBBD967}
		{257A8E6F-456B-4C1E-BF21-2B4EB0967E0A} = {D92548E1-385D-4796-A6E2-1DEEEFBBD967}
		{ACE2E824-FD9E-4B83-9C72-DC87050C065D} = {D92548E1-385D-4796-A6E2-1DEEEFBBD967}
		{F1E8C8F7-AAD5-4CF3-A57D-3005B4C2AF3D} = {4925C668-661F-473A-B90F-B44A872BD9A1}
		{BFE863C9-105A-482F-A8BB-5EA6D59C4A2E} = {A644F62E-6C9D-470C-84D1-C4B9F729F731}
		{311A46E5-F658-49C1-B5C6-A38217987E26} = {A644F62E-6C9D-470C-84D1-C4B9F729F731}
		{07B59655-89DF-4948-8B99-5B6BB2D90E5F} = {AAFFA8D4-B014-4AB8-BF91-B14B4BF35C23}
		{E620C830-4F80-4F54-90F6-C93E5DDB56E1} = {4925C668-661F-473A-B90F-B44A872BD9A1}
		{9A6111EC-3635-45A9-9D5D-85FDEBCC77D6} = {AAFFA8D4-B014-4AB8-BF91-B14B4BF35C23}
		{E0C872E8-439E-4500-9BF6-BFBE5F54A390} = {4925C668-661F-473A-B90F-B44A872BD9A1}
		{16B93B9C-A9A9-4187-BCB0-D8BAADABE3BD} = {4925C668-661F-473A-B90F-B44A872BD9A1}
		{BD6F7DF2-6FFF-4F14-854A-954EB791C7C3} = {9BB4484D-3E1A-4CEB-A4C0-45D81BF0695B}
		{B2FC7AF8-67A8-48B3-8DB6-16588601C596} = {BD6F7DF2-6FFF-4F14-854A-954EB791C7C3}
	EndGlobalSection
	GlobalSection(ExtensibilityGlobals) = postSolution
		SolutionGuid = {5F07C5C1-8F89-4D3B-9D6E-D39DD5DE9FB3}
	EndGlobalSection
EndGlobal
